// !$*UTF8*$!
{
	archiveVersion = 1;
	classes = {
	};
	objectVersion = 51;
	objects = {

/* Begin PBXBuildFile section */
		BC0D27AF255EF1AC005F5E46 /* DeviceFunctionSwitchView.swift in Sources */ = {isa = PBXBuildFile; fileRef = BC0D27AE255EF1AC005F5E46 /* DeviceFunctionSwitchView.swift */; };
		BC0D27B625603BBF005F5E46 /* DeviceFunctionSliderView.swift in Sources */ = {isa = PBXBuildFile; fileRef = BC0D27B525603BBF005F5E46 /* DeviceFunctionSliderView.swift */; };
		BC0D27C0256137DF005F5E46 /* DeviceFunctionLevelView.swift in Sources */ = {isa = PBXBuildFile; fileRef = BC0D27BF256137DF005F5E46 /* DeviceFunctionLevelView.swift */; };
		BC15F8BB25C5F06500754439 /* TestingView2.swift in Sources */ = {isa = PBXBuildFile; fileRef = BC15F8BA25C5F06500754439 /* TestingView2.swift */; };
		BC15F8BE25C60C5A00754439 /* SensorChartsView.swift in Sources */ = {isa = PBXBuildFile; fileRef = BC15F8BD25C60C5A00754439 /* SensorChartsView.swift */; };
		BC16313725E9794300AE8091 /* NewFunctionModel.swift in Sources */ = {isa = PBXBuildFile; fileRef = BC16313625E9794300AE8091 /* NewFunctionModel.swift */; };
		BC16346F25C6E48A00ACAF78 /* SensorDetailView.swift in Sources */ = {isa = PBXBuildFile; fileRef = BC16346E25C6E48A00ACAF78 /* SensorDetailView.swift */; };
		BC3B311325BB375B00CFF544 /* SensorChartView.swift in Sources */ = {isa = PBXBuildFile; fileRef = BC3B311225BB375A00CFF544 /* SensorChartView.swift */; };
		BC3B311725BEF19000CFF544 /* SensorModel.swift in Sources */ = {isa = PBXBuildFile; fileRef = BC3B311625BEF19000CFF544 /* SensorModel.swift */; };
		BC4102F62572DC99001258BF /* AddDeviceView.swift in Sources */ = {isa = PBXBuildFile; fileRef = BC4102F52572DC99001258BF /* AddDeviceView.swift */; };
		BC4102F92572DD3D001258BF /* AddSceneView.swift in Sources */ = {isa = PBXBuildFile; fileRef = BC4102F82572DD3D001258BF /* AddSceneView.swift */; };
		BC4329B1263E9CA100C36416 /* AddOtherFunctionView.swift in Sources */ = {isa = PBXBuildFile; fileRef = BC4329B0263E9CA100C36416 /* AddOtherFunctionView.swift */; };
		BC4329B7263EA09A00C36416 /* OtherFunctionDetailView.swift in Sources */ = {isa = PBXBuildFile; fileRef = BC4329B6263EA09A00C36416 /* OtherFunctionDetailView.swift */; };
		BC4360BC25C20B4800EA459D /* Extensions.swift in Sources */ = {isa = PBXBuildFile; fileRef = BC4360BB25C20B4800EA459D /* Extensions.swift */; };
		BC490C4125EEDB5C00F76661 /* NewFunctionDetailView.swift in Sources */ = {isa = PBXBuildFile; fileRef = BC490C4025EEDB5C00F76661 /* NewFunctionDetailView.swift */; };
		BC4C7668262B01560092BFEB /* MakeDumbSmartTests.swift in Sources */ = {isa = PBXBuildFile; fileRef = BC4C7667262B01560092BFEB /* MakeDumbSmartTests.swift */; };
		BC56EBF025F7C96700201DAD /* GlyphSelectionView.swift in Sources */ = {isa = PBXBuildFile; fileRef = BC56EBEF25F7C96700201DAD /* GlyphSelectionView.swift */; };
		BC589C28261E323500FF8DB1 /* AddTimeAutomatizationView.swift in Sources */ = {isa = PBXBuildFile; fileRef = BC589C27261E323500FF8DB1 /* AddTimeAutomatizationView.swift */; };
		BC589C2C261E58A600FF8DB1 /* AddSensorBasedAutomatizationView.swift in Sources */ = {isa = PBXBuildFile; fileRef = BC589C2B261E58A600FF8DB1 /* AddSensorBasedAutomatizationView.swift */; };
		BC589C4F261E618200FF8DB1 /* Localizable.strings in Resources */ = {isa = PBXBuildFile; fileRef = BC589C51261E618200FF8DB1 /* Localizable.strings */; };
		BC589C58261EFBF400FF8DB1 /* CheckableSensorView.swift in Sources */ = {isa = PBXBuildFile; fileRef = BC589C57261EFBF400FF8DB1 /* CheckableSensorView.swift */; };
		BC589C5C2620CFB300FF8DB1 /* ModifyTimeAutomatization.swift in Sources */ = {isa = PBXBuildFile; fileRef = BC589C5B2620CFB300FF8DB1 /* ModifyTimeAutomatization.swift */; };
		BC589C5F2620CFC800FF8DB1 /* ModifySensorAutomatization.swift in Sources */ = {isa = PBXBuildFile; fileRef = BC589C5E2620CFC800FF8DB1 /* ModifySensorAutomatization.swift */; };
		BC88EFBE250141DA009821D7 /* AppDelegate.swift in Sources */ = {isa = PBXBuildFile; fileRef = BC88EFBD250141DA009821D7 /* AppDelegate.swift */; };
		BC88EFC0250141DA009821D7 /* SceneDelegate.swift in Sources */ = {isa = PBXBuildFile; fileRef = BC88EFBF250141DA009821D7 /* SceneDelegate.swift */; };
		BC88EFC2250141DA009821D7 /* ContentView.swift in Sources */ = {isa = PBXBuildFile; fileRef = BC88EFC1250141DA009821D7 /* ContentView.swift */; };
		BC88EFC4250141DB009821D7 /* Assets.xcassets in Resources */ = {isa = PBXBuildFile; fileRef = BC88EFC3250141DB009821D7 /* Assets.xcassets */; };
		BC88EFC7250141DB009821D7 /* Preview Assets.xcassets in Resources */ = {isa = PBXBuildFile; fileRef = BC88EFC6250141DB009821D7 /* Preview Assets.xcassets */; };
		BC88EFCA250141DB009821D7 /* LaunchScreen.storyboard in Resources */ = {isa = PBXBuildFile; fileRef = BC88EFC8250141DB009821D7 /* LaunchScreen.storyboard */; };
		BC88EFD325014356009821D7 /* DeviceViewModel.swift in Sources */ = {isa = PBXBuildFile; fileRef = BC88EFD225014356009821D7 /* DeviceViewModel.swift */; };
		BC88EFD72501437E009821D7 /* DeviceModel.swift in Sources */ = {isa = PBXBuildFile; fileRef = BC88EFD62501437E009821D7 /* DeviceModel.swift */; };
		BC88EFD9250149FC009821D7 /* DevicesView.swift in Sources */ = {isa = PBXBuildFile; fileRef = BC88EFD8250149FC009821D7 /* DevicesView.swift */; };
		BC88EFDB2501A04D009821D7 /* SceneView.swift in Sources */ = {isa = PBXBuildFile; fileRef = BC88EFDA2501A04D009821D7 /* SceneView.swift */; };
		BC9D9078257596C300A2CFCD /* HomeSettingsView.swift in Sources */ = {isa = PBXBuildFile; fileRef = BC9D9077257596C300A2CFCD /* HomeSettingsView.swift */; };
		BC9D907B257BBD4000A2CFCD /* SceneDeviceDetailView.swift in Sources */ = {isa = PBXBuildFile; fileRef = BC9D907A257BBD4000A2CFCD /* SceneDeviceDetailView.swift */; };
		BCA4BDF025FAC0BB008CECB9 /* AddSimilarFunctionView.swift in Sources */ = {isa = PBXBuildFile; fileRef = BCA4BDEF25FAC0BB008CECB9 /* AddSimilarFunctionView.swift */; };
		BCA4BDF325FAD1D1008CECB9 /* AddMyFunctionsView.swift in Sources */ = {isa = PBXBuildFile; fileRef = BCA4BDF225FAD1D1008CECB9 /* AddMyFunctionsView.swift */; };
		BCA4BDF625FB680B008CECB9 /* SimilarFunctionDetailView.swift in Sources */ = {isa = PBXBuildFile; fileRef = BCA4BDF525FB680B008CECB9 /* SimilarFunctionDetailView.swift */; };
		BCA4BDFB25FD5B88008CECB9 /* RoomsManagementView.swift in Sources */ = {isa = PBXBuildFile; fileRef = BCA4BDFA25FD5B88008CECB9 /* RoomsManagementView.swift */; };
		BCA4BE032605723A008CECB9 /* ModuleManagementView.swift in Sources */ = {isa = PBXBuildFile; fileRef = BCA4BE022605723A008CECB9 /* ModuleManagementView.swift */; };
		BCAF6CC92607EB2C00EBD65F /* FirstRunView.swift in Sources */ = {isa = PBXBuildFile; fileRef = BCAF6CC82607EB2C00EBD65F /* FirstRunView.swift */; };
		BCAF6CCC260A8E3500EBD65F /* LoginView.swift in Sources */ = {isa = PBXBuildFile; fileRef = BCAF6CCB260A8E3500EBD65F /* LoginView.swift */; };
		BCAF6CCF260A924200EBD65F /* CrossroadView.swift in Sources */ = {isa = PBXBuildFile; fileRef = BCAF6CCE260A924200EBD65F /* CrossroadView.swift */; };
		BCAF6CD5260BA79900EBD65F /* LoginManagmenViewModel.swift in Sources */ = {isa = PBXBuildFile; fileRef = BCAF6CD4260BA79900EBD65F /* LoginManagmenViewModel.swift */; };
		BCAF6CD8260F85A100EBD65F /* RegisterView.swift in Sources */ = {isa = PBXBuildFile; fileRef = BCAF6CD7260F85A100EBD65F /* RegisterView.swift */; };
		BCB2ABE9261A8E53000E6A42 /* AutomatizationsView.swift in Sources */ = {isa = PBXBuildFile; fileRef = BCB2ABE8261A8E53000E6A42 /* AutomatizationsView.swift */; };
		BCB2ABED261A8EC5000E6A42 /* SelectDevicesAndScenesAutomatizationView.swift in Sources */ = {isa = PBXBuildFile; fileRef = BCB2ABEC261A8EC5000E6A42 /* SelectDevicesAndScenesAutomatizationView.swift */; };
		BCB2ABF1261B10E1000E6A42 /* HelperVarsAndFuncs.swift in Sources */ = {isa = PBXBuildFile; fileRef = BCB2ABF0261B10E1000E6A42 /* HelperVarsAndFuncs.swift */; };
		BCB2ABF4261B918B000E6A42 /* AssignDevicesToAutomationView.swift in Sources */ = {isa = PBXBuildFile; fileRef = BCB2ABF3261B918B000E6A42 /* AssignDevicesToAutomationView.swift */; };
		BCB7B012256D7EF000CB0F5B /* SelectDeviceInSceneView.swift in Sources */ = {isa = PBXBuildFile; fileRef = BCB7B011256D7EEF00CB0F5B /* SelectDeviceInSceneView.swift */; };
		BCB7B015256D816300CB0F5B /* CheckableDeviceView.swift in Sources */ = {isa = PBXBuildFile; fileRef = BCB7B014256D816300CB0F5B /* CheckableDeviceView.swift */; };
		BCBC75F6255ED48D00AB4A4D /* DeviceDetailView.swift in Sources */ = {isa = PBXBuildFile; fileRef = BCBC75F5255ED48D00AB4A4D /* DeviceDetailView.swift */; };
		BCC6FCD3257E5D9000481D44 /* SensorView.swift in Sources */ = {isa = PBXBuildFile; fileRef = BCC6FCD2257E5D9000481D44 /* SensorView.swift */; };
		BCC6FCD6257E8E8A00481D44 /* DeviceInSceneView.swift in Sources */ = {isa = PBXBuildFile; fileRef = BCC6FCD5257E8E8A00481D44 /* DeviceInSceneView.swift */; };
		BCC6FCD9257E933E00481D44 /* SceneListItemView.swift in Sources */ = {isa = PBXBuildFile; fileRef = BCC6FCD8257E933E00481D44 /* SceneListItemView.swift */; };
		BCE609BE2566EAD500B9405C /* DeviceSettingsView.swift in Sources */ = {isa = PBXBuildFile; fileRef = BCE609BD2566EAD500B9405C /* DeviceSettingsView.swift */; };
		BCE609C12569693800B9405C /* TestingView.swift in Sources */ = {isa = PBXBuildFile; fileRef = BCE609C02569693800B9405C /* TestingView.swift */; };
		BCE609C4256994F800B9405C /* SceneSettingsView.swift in Sources */ = {isa = PBXBuildFile; fileRef = BCE609C3256994F800B9405C /* SceneSettingsView.swift */; };
/* End PBXBuildFile section */

/* Begin PBXContainerItemProxy section */
		BC4C766A262B01560092BFEB /* PBXContainerItemProxy */ = {
			isa = PBXContainerItemProxy;
			containerPortal = BC88EFB2250141DA009821D7 /* Project object */;
			proxyType = 1;
			remoteGlobalIDString = BC88EFB9250141DA009821D7;
			remoteInfo = MakeDumbSmart;
		};
/* End PBXContainerItemProxy section */

/* Begin PBXFileReference section */
		BC0D27AE255EF1AC005F5E46 /* DeviceFunctionSwitchView.swift */ = {isa = PBXFileReference; lastKnownFileType = sourcecode.swift; path = DeviceFunctionSwitchView.swift; sourceTree = "<group>"; };
		BC0D27B525603BBF005F5E46 /* DeviceFunctionSliderView.swift */ = {isa = PBXFileReference; lastKnownFileType = sourcecode.swift; path = DeviceFunctionSliderView.swift; sourceTree = "<group>"; };
		BC0D27BF256137DF005F5E46 /* DeviceFunctionLevelView.swift */ = {isa = PBXFileReference; lastKnownFileType = sourcecode.swift; path = DeviceFunctionLevelView.swift; sourceTree = "<group>"; };
		BC15F8BA25C5F06500754439 /* TestingView2.swift */ = {isa = PBXFileReference; lastKnownFileType = sourcecode.swift; path = TestingView2.swift; sourceTree = "<group>"; };
		BC15F8BD25C60C5A00754439 /* SensorChartsView.swift */ = {isa = PBXFileReference; lastKnownFileType = sourcecode.swift; path = SensorChartsView.swift; sourceTree = "<group>"; };
		BC16313625E9794300AE8091 /* NewFunctionModel.swift */ = {isa = PBXFileReference; lastKnownFileType = sourcecode.swift; path = NewFunctionModel.swift; sourceTree = "<group>"; };
		BC16346E25C6E48A00ACAF78 /* SensorDetailView.swift */ = {isa = PBXFileReference; lastKnownFileType = sourcecode.swift; path = SensorDetailView.swift; sourceTree = "<group>"; };
		BC3B311225BB375A00CFF544 /* SensorChartView.swift */ = {isa = PBXFileReference; lastKnownFileType = sourcecode.swift; path = SensorChartView.swift; sourceTree = "<group>"; };
		BC3B311625BEF19000CFF544 /* SensorModel.swift */ = {isa = PBXFileReference; lastKnownFileType = sourcecode.swift; path = SensorModel.swift; sourceTree = "<group>"; };
		BC4102F52572DC99001258BF /* AddDeviceView.swift */ = {isa = PBXFileReference; lastKnownFileType = sourcecode.swift; path = AddDeviceView.swift; sourceTree = "<group>"; };
		BC4102F82572DD3D001258BF /* AddSceneView.swift */ = {isa = PBXFileReference; lastKnownFileType = sourcecode.swift; path = AddSceneView.swift; sourceTree = "<group>"; };
		BC4329B0263E9CA100C36416 /* AddOtherFunctionView.swift */ = {isa = PBXFileReference; lastKnownFileType = sourcecode.swift; path = AddOtherFunctionView.swift; sourceTree = "<group>"; };
		BC4329B6263EA09A00C36416 /* OtherFunctionDetailView.swift */ = {isa = PBXFileReference; lastKnownFileType = sourcecode.swift; path = OtherFunctionDetailView.swift; sourceTree = "<group>"; };
		BC4360BB25C20B4800EA459D /* Extensions.swift */ = {isa = PBXFileReference; lastKnownFileType = sourcecode.swift; path = Extensions.swift; sourceTree = "<group>"; };
		BC490C4025EEDB5C00F76661 /* NewFunctionDetailView.swift */ = {isa = PBXFileReference; lastKnownFileType = sourcecode.swift; path = NewFunctionDetailView.swift; sourceTree = "<group>"; };
		BC4C7665262B01560092BFEB /* MakeDumbSmartTests.xctest */ = {isa = PBXFileReference; explicitFileType = wrapper.cfbundle; includeInIndex = 0; path = MakeDumbSmartTests.xctest; sourceTree = BUILT_PRODUCTS_DIR; };
		BC4C7667262B01560092BFEB /* MakeDumbSmartTests.swift */ = {isa = PBXFileReference; lastKnownFileType = sourcecode.swift; path = MakeDumbSmartTests.swift; sourceTree = "<group>"; };
		BC4C7669262B01560092BFEB /* Info.plist */ = {isa = PBXFileReference; lastKnownFileType = text.plist.xml; path = Info.plist; sourceTree = "<group>"; };
		BC56EBEF25F7C96700201DAD /* GlyphSelectionView.swift */ = {isa = PBXFileReference; lastKnownFileType = sourcecode.swift; path = GlyphSelectionView.swift; sourceTree = "<group>"; };
		BC589C27261E323500FF8DB1 /* AddTimeAutomatizationView.swift */ = {isa = PBXFileReference; lastKnownFileType = sourcecode.swift; path = AddTimeAutomatizationView.swift; sourceTree = "<group>"; };
		BC589C2B261E58A600FF8DB1 /* AddSensorBasedAutomatizationView.swift */ = {isa = PBXFileReference; lastKnownFileType = sourcecode.swift; path = AddSensorBasedAutomatizationView.swift; sourceTree = "<group>"; };
		BC589C50261E618200FF8DB1 /* en */ = {isa = PBXFileReference; lastKnownFileType = text.plist.strings; name = en; path = en.lproj/Localizable.strings; sourceTree = "<group>"; };
		BC589C54261E632200FF8DB1 /* sk */ = {isa = PBXFileReference; lastKnownFileType = text.plist.strings; name = sk; path = sk.lproj/Localizable.strings; sourceTree = "<group>"; };
		BC589C57261EFBF400FF8DB1 /* CheckableSensorView.swift */ = {isa = PBXFileReference; lastKnownFileType = sourcecode.swift; path = CheckableSensorView.swift; sourceTree = "<group>"; };
		BC589C5B2620CFB300FF8DB1 /* ModifyTimeAutomatization.swift */ = {isa = PBXFileReference; lastKnownFileType = sourcecode.swift; path = ModifyTimeAutomatization.swift; sourceTree = "<group>"; };
		BC589C5E2620CFC800FF8DB1 /* ModifySensorAutomatization.swift */ = {isa = PBXFileReference; lastKnownFileType = sourcecode.swift; path = ModifySensorAutomatization.swift; sourceTree = "<group>"; };
		BC88EFBA250141DA009821D7 /* MakeDumbSmart.app */ = {isa = PBXFileReference; explicitFileType = wrapper.application; includeInIndex = 0; path = MakeDumbSmart.app; sourceTree = BUILT_PRODUCTS_DIR; };
		BC88EFBD250141DA009821D7 /* AppDelegate.swift */ = {isa = PBXFileReference; lastKnownFileType = sourcecode.swift; path = AppDelegate.swift; sourceTree = "<group>"; };
		BC88EFBF250141DA009821D7 /* SceneDelegate.swift */ = {isa = PBXFileReference; lastKnownFileType = sourcecode.swift; path = SceneDelegate.swift; sourceTree = "<group>"; };
		BC88EFC1250141DA009821D7 /* ContentView.swift */ = {isa = PBXFileReference; lastKnownFileType = sourcecode.swift; path = ContentView.swift; sourceTree = "<group>"; };
		BC88EFC3250141DB009821D7 /* Assets.xcassets */ = {isa = PBXFileReference; lastKnownFileType = folder.assetcatalog; path = Assets.xcassets; sourceTree = "<group>"; };
		BC88EFC6250141DB009821D7 /* Preview Assets.xcassets */ = {isa = PBXFileReference; lastKnownFileType = folder.assetcatalog; path = "Preview Assets.xcassets"; sourceTree = "<group>"; };
		BC88EFC9250141DB009821D7 /* Base */ = {isa = PBXFileReference; lastKnownFileType = file.storyboard; name = Base; path = Base.lproj/LaunchScreen.storyboard; sourceTree = "<group>"; };
		BC88EFCB250141DB009821D7 /* Info.plist */ = {isa = PBXFileReference; lastKnownFileType = text.plist.xml; path = Info.plist; sourceTree = "<group>"; };
		BC88EFD225014356009821D7 /* DeviceViewModel.swift */ = {isa = PBXFileReference; lastKnownFileType = sourcecode.swift; path = DeviceViewModel.swift; sourceTree = "<group>"; };
		BC88EFD62501437E009821D7 /* DeviceModel.swift */ = {isa = PBXFileReference; lastKnownFileType = sourcecode.swift; path = DeviceModel.swift; sourceTree = "<group>"; };
		BC88EFD8250149FC009821D7 /* DevicesView.swift */ = {isa = PBXFileReference; lastKnownFileType = sourcecode.swift; path = DevicesView.swift; sourceTree = "<group>"; };
		BC88EFDA2501A04D009821D7 /* SceneView.swift */ = {isa = PBXFileReference; lastKnownFileType = sourcecode.swift; path = SceneView.swift; sourceTree = "<group>"; };
		BC9D9077257596C300A2CFCD /* HomeSettingsView.swift */ = {isa = PBXFileReference; lastKnownFileType = sourcecode.swift; path = HomeSettingsView.swift; sourceTree = "<group>"; };
		BC9D907A257BBD4000A2CFCD /* SceneDeviceDetailView.swift */ = {isa = PBXFileReference; lastKnownFileType = sourcecode.swift; path = SceneDeviceDetailView.swift; sourceTree = "<group>"; };
		BCA4BDEF25FAC0BB008CECB9 /* AddSimilarFunctionView.swift */ = {isa = PBXFileReference; lastKnownFileType = sourcecode.swift; path = AddSimilarFunctionView.swift; sourceTree = "<group>"; };
		BCA4BDF225FAD1D1008CECB9 /* AddMyFunctionsView.swift */ = {isa = PBXFileReference; lastKnownFileType = sourcecode.swift; path = AddMyFunctionsView.swift; sourceTree = "<group>"; };
		BCA4BDF525FB680B008CECB9 /* SimilarFunctionDetailView.swift */ = {isa = PBXFileReference; lastKnownFileType = sourcecode.swift; path = SimilarFunctionDetailView.swift; sourceTree = "<group>"; };
		BCA4BDFA25FD5B88008CECB9 /* RoomsManagementView.swift */ = {isa = PBXFileReference; lastKnownFileType = sourcecode.swift; path = RoomsManagementView.swift; sourceTree = "<group>"; };
		BCA4BE022605723A008CECB9 /* ModuleManagementView.swift */ = {isa = PBXFileReference; lastKnownFileType = sourcecode.swift; path = ModuleManagementView.swift; sourceTree = "<group>"; };
		BCAF6CC82607EB2C00EBD65F /* FirstRunView.swift */ = {isa = PBXFileReference; lastKnownFileType = sourcecode.swift; path = FirstRunView.swift; sourceTree = "<group>"; };
		BCAF6CCB260A8E3500EBD65F /* LoginView.swift */ = {isa = PBXFileReference; lastKnownFileType = sourcecode.swift; path = LoginView.swift; sourceTree = "<group>"; };
		BCAF6CCE260A924200EBD65F /* CrossroadView.swift */ = {isa = PBXFileReference; lastKnownFileType = sourcecode.swift; path = CrossroadView.swift; sourceTree = "<group>"; };
		BCAF6CD4260BA79900EBD65F /* LoginManagmenViewModel.swift */ = {isa = PBXFileReference; lastKnownFileType = sourcecode.swift; path = LoginManagmenViewModel.swift; sourceTree = "<group>"; };
		BCAF6CD7260F85A100EBD65F /* RegisterView.swift */ = {isa = PBXFileReference; lastKnownFileType = sourcecode.swift; path = RegisterView.swift; sourceTree = "<group>"; };
		BCB2ABE8261A8E53000E6A42 /* AutomatizationsView.swift */ = {isa = PBXFileReference; lastKnownFileType = sourcecode.swift; path = AutomatizationsView.swift; sourceTree = "<group>"; };
		BCB2ABEC261A8EC5000E6A42 /* SelectDevicesAndScenesAutomatizationView.swift */ = {isa = PBXFileReference; lastKnownFileType = sourcecode.swift; path = SelectDevicesAndScenesAutomatizationView.swift; sourceTree = "<group>"; };
		BCB2ABF0261B10E1000E6A42 /* HelperVarsAndFuncs.swift */ = {isa = PBXFileReference; lastKnownFileType = sourcecode.swift; path = HelperVarsAndFuncs.swift; sourceTree = "<group>"; };
		BCB2ABF3261B918B000E6A42 /* AssignDevicesToAutomationView.swift */ = {isa = PBXFileReference; lastKnownFileType = sourcecode.swift; path = AssignDevicesToAutomationView.swift; sourceTree = "<group>"; };
		BCB7B011256D7EEF00CB0F5B /* SelectDeviceInSceneView.swift */ = {isa = PBXFileReference; lastKnownFileType = sourcecode.swift; path = SelectDeviceInSceneView.swift; sourceTree = "<group>"; };
		BCB7B014256D816300CB0F5B /* CheckableDeviceView.swift */ = {isa = PBXFileReference; lastKnownFileType = sourcecode.swift; path = CheckableDeviceView.swift; sourceTree = "<group>"; };
		BCBC75F5255ED48D00AB4A4D /* DeviceDetailView.swift */ = {isa = PBXFileReference; lastKnownFileType = sourcecode.swift; path = DeviceDetailView.swift; sourceTree = "<group>"; };
		BCC6FCD2257E5D9000481D44 /* SensorView.swift */ = {isa = PBXFileReference; lastKnownFileType = sourcecode.swift; path = SensorView.swift; sourceTree = "<group>"; };
		BCC6FCD5257E8E8A00481D44 /* DeviceInSceneView.swift */ = {isa = PBXFileReference; lastKnownFileType = sourcecode.swift; path = DeviceInSceneView.swift; sourceTree = "<group>"; };
		BCC6FCD8257E933E00481D44 /* SceneListItemView.swift */ = {isa = PBXFileReference; lastKnownFileType = sourcecode.swift; path = SceneListItemView.swift; sourceTree = "<group>"; };
		BCE609BD2566EAD500B9405C /* DeviceSettingsView.swift */ = {isa = PBXFileReference; lastKnownFileType = sourcecode.swift; path = DeviceSettingsView.swift; sourceTree = "<group>"; };
		BCE609C02569693800B9405C /* TestingView.swift */ = {isa = PBXFileReference; lastKnownFileType = sourcecode.swift; path = TestingView.swift; sourceTree = "<group>"; };
		BCE609C3256994F800B9405C /* SceneSettingsView.swift */ = {isa = PBXFileReference; lastKnownFileType = sourcecode.swift; path = SceneSettingsView.swift; sourceTree = "<group>"; };
/* End PBXFileReference section */

/* Begin PBXFrameworksBuildPhase section */
		BC4C7662262B01560092BFEB /* Frameworks */ = {
			isa = PBXFrameworksBuildPhase;
			buildActionMask = 2147483647;
			files = (
			);
			runOnlyForDeploymentPostprocessing = 0;
		};
		BC88EFB7250141DA009821D7 /* Frameworks */ = {
			isa = PBXFrameworksBuildPhase;
			buildActionMask = 2147483647;
			files = (
			);
			runOnlyForDeploymentPostprocessing = 0;
		};
/* End PBXFrameworksBuildPhase section */

/* Begin PBXGroup section */
		BC0D27BB2561361E005F5E46 /* FunctionControls */ = {
			isa = PBXGroup;
			children = (
				BC0D27BF256137DF005F5E46 /* DeviceFunctionLevelView.swift */,
				BC0D27AE255EF1AC005F5E46 /* DeviceFunctionSwitchView.swift */,
				BC0D27B525603BBF005F5E46 /* DeviceFunctionSliderView.swift */,
			);
			name = FunctionControls;
			sourceTree = "<group>";
		};
		BC4C7666262B01560092BFEB /* MakeDumbSmartTests */ = {
			isa = PBXGroup;
			children = (
				BC4C7667262B01560092BFEB /* MakeDumbSmartTests.swift */,
				BC4C7669262B01560092BFEB /* Info.plist */,
			);
			path = MakeDumbSmartTests;
			sourceTree = "<group>";
		};
		BC88EFB1250141DA009821D7 = {
			isa = PBXGroup;
			children = (
				BCA4BDEF25FAC0BB008CECB9 /* AddSimilarFunctionView.swift */,
				BCA4BDF225FAD1D1008CECB9 /* AddMyFunctionsView.swift */,
				BC4360BB25C20B4800EA459D /* Extensions.swift */,
				BCB2ABEF261B10AF000E6A42 /* Misc */,
				BC88EFD52501436C009821D7 /* Model */,
				BC88EFD425014360009821D7 /* ViewModel */,
				BC88EFD125014331009821D7 /* View */,
				BC88EFBC250141DA009821D7 /* MakeDumbSmart */,
				BC4C7666262B01560092BFEB /* MakeDumbSmartTests */,
				BC88EFBB250141DA009821D7 /* Products */,
			);
			sourceTree = "<group>";
		};
		BC88EFBB250141DA009821D7 /* Products */ = {
			isa = PBXGroup;
			children = (
				BC88EFBA250141DA009821D7 /* MakeDumbSmart.app */,
				BC4C7665262B01560092BFEB /* MakeDumbSmartTests.xctest */,
			);
			name = Products;
			sourceTree = "<group>";
		};
		BC88EFBC250141DA009821D7 /* MakeDumbSmart */ = {
			isa = PBXGroup;
			children = (
				BC88EFBD250141DA009821D7 /* AppDelegate.swift */,
				BC88EFBF250141DA009821D7 /* SceneDelegate.swift */,
				BC88EFC3250141DB009821D7 /* Assets.xcassets */,
				BC88EFC8250141DB009821D7 /* LaunchScreen.storyboard */,
				BC88EFCB250141DB009821D7 /* Info.plist */,
				BC88EFC5250141DB009821D7 /* Preview Content */,
				BC589C51261E618200FF8DB1 /* Localizable.strings */,
			);
			path = MakeDumbSmart;
			sourceTree = "<group>";
		};
		BC88EFC5250141DB009821D7 /* Preview Content */ = {
			isa = PBXGroup;
			children = (
				BC88EFC6250141DB009821D7 /* Preview Assets.xcassets */,
			);
			path = "Preview Content";
			sourceTree = "<group>";
		};
		BC88EFD125014331009821D7 /* View */ = {
			isa = PBXGroup;
			children = (
				BC88EFC1250141DA009821D7 /* ContentView.swift */,
				BCB2ABE62619CF0D000E6A42 /* AutomatizationViews */,
				BCAF6CD2260B966300EBD65F /* LoginRegisterProcessViews */,
				BCA4BDF825FD549E008CECB9 /* Home */,
				BCB7B019256DB57900CB0F5B /* DeviceViews */,
				BCC6FCDB257E98B800481D44 /* SensorViews */,
				BCB7B018256DB56200CB0F5B /* SceneViews */,
				BC0D27BB2561361E005F5E46 /* FunctionControls */,
				BCB7B014256D816300CB0F5B /* CheckableDeviceView.swift */,
				BCE609C02569693800B9405C /* TestingView.swift */,
				BC15F8BA25C5F06500754439 /* TestingView2.swift */,
				BCC6FCD5257E8E8A00481D44 /* DeviceInSceneView.swift */,
				BCC6FCD8257E933E00481D44 /* SceneListItemView.swift */,
				BC56EBEF25F7C96700201DAD /* GlyphSelectionView.swift */,
			);
			path = View;
			sourceTree = "<group>";
		};
		BC88EFD425014360009821D7 /* ViewModel */ = {
			isa = PBXGroup;
			children = (
				BC88EFD225014356009821D7 /* DeviceViewModel.swift */,
				BCAF6CD4260BA79900EBD65F /* LoginManagmenViewModel.swift */,
			);
			path = ViewModel;
			sourceTree = "<group>";
		};
		BC88EFD52501436C009821D7 /* Model */ = {
			isa = PBXGroup;
			children = (
				BC88EFD62501437E009821D7 /* DeviceModel.swift */,
				BC16313625E9794300AE8091 /* NewFunctionModel.swift */,
				BC3B311625BEF19000CFF544 /* SensorModel.swift */,
			);
			path = Model;
			sourceTree = "<group>";
		};
		BCA4BDF825FD549E008CECB9 /* Home */ = {
			isa = PBXGroup;
			children = (
				BC9D9077257596C300A2CFCD /* HomeSettingsView.swift */,
				BCA4BE022605723A008CECB9 /* ModuleManagementView.swift */,
				BCA4BDFA25FD5B88008CECB9 /* RoomsManagementView.swift */,
			);
			name = Home;
			sourceTree = "<group>";
		};
		BCAF6CD2260B966300EBD65F /* LoginRegisterProcessViews */ = {
			isa = PBXGroup;
			children = (
				BCAF6CCE260A924200EBD65F /* CrossroadView.swift */,
				BCAF6CC82607EB2C00EBD65F /* FirstRunView.swift */,
				BCAF6CCB260A8E3500EBD65F /* LoginView.swift */,
				BCAF6CD7260F85A100EBD65F /* RegisterView.swift */,
			);
			name = LoginRegisterProcessViews;
			sourceTree = "<group>";
		};
		BCB2ABE62619CF0D000E6A42 /* AutomatizationViews */ = {
			isa = PBXGroup;
			children = (
				BCB2ABE8261A8E53000E6A42 /* AutomatizationsView.swift */,
				BC589C27261E323500FF8DB1 /* AddTimeAutomatizationView.swift */,
				BC589C2B261E58A600FF8DB1 /* AddSensorBasedAutomatizationView.swift */,
				BCB2ABF3261B918B000E6A42 /* AssignDevicesToAutomationView.swift */,
				BC589C5B2620CFB300FF8DB1 /* ModifyTimeAutomatization.swift */,
				BC589C5E2620CFC800FF8DB1 /* ModifySensorAutomatization.swift */,
				BCB2ABEC261A8EC5000E6A42 /* SelectDevicesAndScenesAutomatizationView.swift */,
			);
			name = AutomatizationViews;
			sourceTree = "<group>";
		};
		BCB2ABEF261B10AF000E6A42 /* Misc */ = {
			isa = PBXGroup;
			children = (
				BCB2ABF0261B10E1000E6A42 /* HelperVarsAndFuncs.swift */,
			);
			path = Misc;
			sourceTree = "<group>";
		};
		BCB7B018256DB56200CB0F5B /* SceneViews */ = {
			isa = PBXGroup;
			children = (
				BC88EFDA2501A04D009821D7 /* SceneView.swift */,
				BC4102F82572DD3D001258BF /* AddSceneView.swift */,
				BCE609C3256994F800B9405C /* SceneSettingsView.swift */,
				BCB7B011256D7EEF00CB0F5B /* SelectDeviceInSceneView.swift */,
				BC9D907A257BBD4000A2CFCD /* SceneDeviceDetailView.swift */,
			);
			name = SceneViews;
			sourceTree = "<group>";
		};
		BCB7B019256DB57900CB0F5B /* DeviceViews */ = {
			isa = PBXGroup;
			children = (
				BC88EFD8250149FC009821D7 /* DevicesView.swift */,
				BC4102F52572DC99001258BF /* AddDeviceView.swift */,
				BC4329B0263E9CA100C36416 /* AddOtherFunctionView.swift */,
				BCBC75F5255ED48D00AB4A4D /* DeviceDetailView.swift */,
				BCE609BD2566EAD500B9405C /* DeviceSettingsView.swift */,
				BC490C4025EEDB5C00F76661 /* NewFunctionDetailView.swift */,
				BCA4BDF525FB680B008CECB9 /* SimilarFunctionDetailView.swift */,
				BC4329B6263EA09A00C36416 /* OtherFunctionDetailView.swift */,
			);
			name = DeviceViews;
			sourceTree = "<group>";
		};
		BCC6FCDB257E98B800481D44 /* SensorViews */ = {
			isa = PBXGroup;
			children = (
				BCC6FCD2257E5D9000481D44 /* SensorView.swift */,
				BC3B311225BB375A00CFF544 /* SensorChartView.swift */,
				BC15F8BD25C60C5A00754439 /* SensorChartsView.swift */,
				BC16346E25C6E48A00ACAF78 /* SensorDetailView.swift */,
				BC589C57261EFBF400FF8DB1 /* CheckableSensorView.swift */,
			);
			name = SensorViews;
			sourceTree = "<group>";
		};
/* End PBXGroup section */

/* Begin PBXNativeTarget section */
		BC4C7664262B01560092BFEB /* MakeDumbSmartTests */ = {
			isa = PBXNativeTarget;
			buildConfigurationList = BC4C766C262B01560092BFEB /* Build configuration list for PBXNativeTarget "MakeDumbSmartTests" */;
			buildPhases = (
				BC4C7661262B01560092BFEB /* Sources */,
				BC4C7662262B01560092BFEB /* Frameworks */,
				BC4C7663262B01560092BFEB /* Resources */,
			);
			buildRules = (
			);
			dependencies = (
				BC4C766B262B01560092BFEB /* PBXTargetDependency */,
			);
			name = MakeDumbSmartTests;
			productName = MakeDumbSmartTests;
			productReference = BC4C7665262B01560092BFEB /* MakeDumbSmartTests.xctest */;
			productType = "com.apple.product-type.bundle.unit-test";
		};
		BC88EFB9250141DA009821D7 /* MakeDumbSmart */ = {
			isa = PBXNativeTarget;
			buildConfigurationList = BC88EFCE250141DB009821D7 /* Build configuration list for PBXNativeTarget "MakeDumbSmart" */;
			buildPhases = (
				BC88EFB6250141DA009821D7 /* Sources */,
				BC88EFB7250141DA009821D7 /* Frameworks */,
				BC88EFB8250141DA009821D7 /* Resources */,
			);
			buildRules = (
			);
			dependencies = (
			);
			name = MakeDumbSmart;
			productName = MakeDumbSmart;
			productReference = BC88EFBA250141DA009821D7 /* MakeDumbSmart.app */;
			productType = "com.apple.product-type.application";
		};
/* End PBXNativeTarget section */

/* Begin PBXProject section */
		BC88EFB2250141DA009821D7 /* Project object */ = {
			isa = PBXProject;
			attributes = {
				LastSwiftUpdateCheck = 1220;
				LastUpgradeCheck = 1200;
				ORGANIZATIONNAME = "Martin Bachratý";
				TargetAttributes = {
					BC4C7664262B01560092BFEB = {
						CreatedOnToolsVersion = 12.2;
						TestTargetID = BC88EFB9250141DA009821D7;
					};
					BC88EFB9250141DA009821D7 = {
						CreatedOnToolsVersion = 11.6;
					};
				};
			};
			buildConfigurationList = BC88EFB5250141DA009821D7 /* Build configuration list for PBXProject "MakeDumbSmart" */;
			compatibilityVersion = "Xcode 10.0";
			developmentRegion = en;
			hasScannedForEncodings = 0;
			knownRegions = (
				en,
				Base,
				sk,
			);
			mainGroup = BC88EFB1250141DA009821D7;
			productRefGroup = BC88EFBB250141DA009821D7 /* Products */;
			projectDirPath = "";
			projectRoot = "";
			targets = (
				BC88EFB9250141DA009821D7 /* MakeDumbSmart */,
				BC4C7664262B01560092BFEB /* MakeDumbSmartTests */,
			);
		};
/* End PBXProject section */

/* Begin PBXResourcesBuildPhase section */
		BC4C7663262B01560092BFEB /* Resources */ = {
			isa = PBXResourcesBuildPhase;
			buildActionMask = 2147483647;
			files = (
			);
			runOnlyForDeploymentPostprocessing = 0;
		};
		BC88EFB8250141DA009821D7 /* Resources */ = {
			isa = PBXResourcesBuildPhase;
			buildActionMask = 2147483647;
			files = (
				BC88EFCA250141DB009821D7 /* LaunchScreen.storyboard in Resources */,
				BC589C4F261E618200FF8DB1 /* Localizable.strings in Resources */,
				BC88EFC7250141DB009821D7 /* Preview Assets.xcassets in Resources */,
				BC88EFC4250141DB009821D7 /* Assets.xcassets in Resources */,
			);
			runOnlyForDeploymentPostprocessing = 0;
		};
/* End PBXResourcesBuildPhase section */

/* Begin PBXSourcesBuildPhase section */
		BC4C7661262B01560092BFEB /* Sources */ = {
			isa = PBXSourcesBuildPhase;
			buildActionMask = 2147483647;
			files = (
				BC4C7668262B01560092BFEB /* MakeDumbSmartTests.swift in Sources */,
			);
			runOnlyForDeploymentPostprocessing = 0;
		};
		BC88EFB6250141DA009821D7 /* Sources */ = {
			isa = PBXSourcesBuildPhase;
			buildActionMask = 2147483647;
			files = (
				BC3B311725BEF19000CFF544 /* SensorModel.swift in Sources */,
				BC4329B1263E9CA100C36416 /* AddOtherFunctionView.swift in Sources */,
				BCC6FCD9257E933E00481D44 /* SceneListItemView.swift in Sources */,
				BCBC75F6255ED48D00AB4A4D /* DeviceDetailView.swift in Sources */,
				BCAF6CD8260F85A100EBD65F /* RegisterView.swift in Sources */,
				BCB7B015256D816300CB0F5B /* CheckableDeviceView.swift in Sources */,
				BC9D907B257BBD4000A2CFCD /* SceneDeviceDetailView.swift in Sources */,
				BC9D9078257596C300A2CFCD /* HomeSettingsView.swift in Sources */,
				BC589C2C261E58A600FF8DB1 /* AddSensorBasedAutomatizationView.swift in Sources */,
				BC88EFD325014356009821D7 /* DeviceViewModel.swift in Sources */,
				BC4102F92572DD3D001258BF /* AddSceneView.swift in Sources */,
				BCA4BDFB25FD5B88008CECB9 /* RoomsManagementView.swift in Sources */,
				BCAF6CCF260A924200EBD65F /* CrossroadView.swift in Sources */,
				BC4102F62572DC99001258BF /* AddDeviceView.swift in Sources */,
				BC4329B7263EA09A00C36416 /* OtherFunctionDetailView.swift in Sources */,
				BCAF6CD5260BA79900EBD65F /* LoginManagmenViewModel.swift in Sources */,
				BC88EFBE250141DA009821D7 /* AppDelegate.swift in Sources */,
				BCC6FCD6257E8E8A00481D44 /* DeviceInSceneView.swift in Sources */,
				BCC6FCD3257E5D9000481D44 /* SensorView.swift in Sources */,
				BCB7B012256D7EF000CB0F5B /* SelectDeviceInSceneView.swift in Sources */,
				BC589C5F2620CFC800FF8DB1 /* ModifySensorAutomatization.swift in Sources */,
				BC88EFD9250149FC009821D7 /* DevicesView.swift in Sources */,
				BC15F8BB25C5F06500754439 /* TestingView2.swift in Sources */,
				BC15F8BE25C60C5A00754439 /* SensorChartsView.swift in Sources */,
				BC589C5C2620CFB300FF8DB1 /* ModifyTimeAutomatization.swift in Sources */,
				BCAF6CC92607EB2C00EBD65F /* FirstRunView.swift in Sources */,
				BC88EFDB2501A04D009821D7 /* SceneView.swift in Sources */,
				BC589C28261E323500FF8DB1 /* AddTimeAutomatizationView.swift in Sources */,
				BCB2ABED261A8EC5000E6A42 /* SelectDevicesAndScenesAutomatizationView.swift in Sources */,
				BCB2ABF1261B10E1000E6A42 /* HelperVarsAndFuncs.swift in Sources */,
				BC16346F25C6E48A00ACAF78 /* SensorDetailView.swift in Sources */,
				BCE609C12569693800B9405C /* TestingView.swift in Sources */,
				BCA4BDF625FB680B008CECB9 /* SimilarFunctionDetailView.swift in Sources */,
				BC490C4125EEDB5C00F76661 /* NewFunctionDetailView.swift in Sources */,
				BC3B311325BB375B00CFF544 /* SensorChartView.swift in Sources */,
				BC0D27C0256137DF005F5E46 /* DeviceFunctionLevelView.swift in Sources */,
				BC0D27B625603BBF005F5E46 /* DeviceFunctionSliderView.swift in Sources */,
				BCA4BDF025FAC0BB008CECB9 /* AddSimilarFunctionView.swift in Sources */,
				BC16313725E9794300AE8091 /* NewFunctionModel.swift in Sources */,
				BC56EBF025F7C96700201DAD /* GlyphSelectionView.swift in Sources */,
				BCA4BDF325FAD1D1008CECB9 /* AddMyFunctionsView.swift in Sources */,
				BCE609BE2566EAD500B9405C /* DeviceSettingsView.swift in Sources */,
				BC88EFD72501437E009821D7 /* DeviceModel.swift in Sources */,
				BC4360BC25C20B4800EA459D /* Extensions.swift in Sources */,
				BC88EFC0250141DA009821D7 /* SceneDelegate.swift in Sources */,
				BC0D27AF255EF1AC005F5E46 /* DeviceFunctionSwitchView.swift in Sources */,
				BCB2ABF4261B918B000E6A42 /* AssignDevicesToAutomationView.swift in Sources */,
				BCB2ABE9261A8E53000E6A42 /* AutomatizationsView.swift in Sources */,
				BC589C58261EFBF400FF8DB1 /* CheckableSensorView.swift in Sources */,
				BCE609C4256994F800B9405C /* SceneSettingsView.swift in Sources */,
				BCAF6CCC260A8E3500EBD65F /* LoginView.swift in Sources */,
				BC88EFC2250141DA009821D7 /* ContentView.swift in Sources */,
				BCA4BE032605723A008CECB9 /* ModuleManagementView.swift in Sources */,
			);
			runOnlyForDeploymentPostprocessing = 0;
		};
/* End PBXSourcesBuildPhase section */

/* Begin PBXTargetDependency section */
		BC4C766B262B01560092BFEB /* PBXTargetDependency */ = {
			isa = PBXTargetDependency;
			target = BC88EFB9250141DA009821D7 /* MakeDumbSmart */;
			targetProxy = BC4C766A262B01560092BFEB /* PBXContainerItemProxy */;
		};
/* End PBXTargetDependency section */

/* Begin PBXVariantGroup section */
		BC589C51261E618200FF8DB1 /* Localizable.strings */ = {
			isa = PBXVariantGroup;
			children = (
				BC589C50261E618200FF8DB1 /* en */,
				BC589C54261E632200FF8DB1 /* sk */,
			);
			name = Localizable.strings;
			sourceTree = "<group>";
		};
		BC88EFC8250141DB009821D7 /* LaunchScreen.storyboard */ = {
			isa = PBXVariantGroup;
			children = (
				BC88EFC9250141DB009821D7 /* Base */,
			);
			name = LaunchScreen.storyboard;
			sourceTree = "<group>";
		};
/* End PBXVariantGroup section */

/* Begin XCBuildConfiguration section */
		BC4C766D262B01560092BFEB /* Debug */ = {
			isa = XCBuildConfiguration;
			buildSettings = {
				BUNDLE_LOADER = "$(TEST_HOST)";
				CODE_SIGN_STYLE = Automatic;
				DEVELOPMENT_TEAM = FC5W64W574;
				INFOPLIST_FILE = MakeDumbSmartTests/Info.plist;
				IPHONEOS_DEPLOYMENT_TARGET = 14.2;
				LD_RUNPATH_SEARCH_PATHS = (
					"$(inherited)",
					"@executable_path/Frameworks",
					"@loader_path/Frameworks",
				);
				PRODUCT_BUNDLE_IDENTIFIER = MakeDumbSmart.MakeDumbSmartTests;
				PRODUCT_NAME = "$(TARGET_NAME)";
				SWIFT_VERSION = 5.0;
				TARGETED_DEVICE_FAMILY = "1,2";
				TEST_HOST = "$(BUILT_PRODUCTS_DIR)/MakeDumbSmart.app/MakeDumbSmart";
			};
			name = Debug;
		};
		BC4C766E262B01560092BFEB /* Release */ = {
			isa = XCBuildConfiguration;
			buildSettings = {
				BUNDLE_LOADER = "$(TEST_HOST)";
				CODE_SIGN_STYLE = Automatic;
				DEVELOPMENT_TEAM = FC5W64W574;
				INFOPLIST_FILE = MakeDumbSmartTests/Info.plist;
				IPHONEOS_DEPLOYMENT_TARGET = 14.2;
				LD_RUNPATH_SEARCH_PATHS = (
					"$(inherited)",
					"@executable_path/Frameworks",
					"@loader_path/Frameworks",
				);
				PRODUCT_BUNDLE_IDENTIFIER = MakeDumbSmart.MakeDumbSmartTests;
				PRODUCT_NAME = "$(TARGET_NAME)";
				SWIFT_VERSION = 5.0;
				TARGETED_DEVICE_FAMILY = "1,2";
				TEST_HOST = "$(BUILT_PRODUCTS_DIR)/MakeDumbSmart.app/MakeDumbSmart";
			};
			name = Release;
		};
		BC88EFCC250141DB009821D7 /* Debug */ = {
			isa = XCBuildConfiguration;
			buildSettings = {
				ALWAYS_SEARCH_USER_PATHS = NO;
				CLANG_ANALYZER_LOCALIZABILITY_NONLOCALIZED = YES;
				CLANG_ANALYZER_NONNULL = YES;
				CLANG_ANALYZER_NUMBER_OBJECT_CONVERSION = YES_AGGRESSIVE;
				CLANG_CXX_LANGUAGE_STANDARD = "gnu++14";
				CLANG_CXX_LIBRARY = "libc++";
				CLANG_ENABLE_MODULES = YES;
				CLANG_ENABLE_OBJC_ARC = YES;
				CLANG_ENABLE_OBJC_WEAK = YES;
				CLANG_WARN_BLOCK_CAPTURE_AUTORELEASING = YES;
				CLANG_WARN_BOOL_CONVERSION = YES;
				CLANG_WARN_COMMA = YES;
				CLANG_WARN_CONSTANT_CONVERSION = YES;
				CLANG_WARN_DEPRECATED_OBJC_IMPLEMENTATIONS = YES;
				CLANG_WARN_DIRECT_OBJC_ISA_USAGE = YES_ERROR;
				CLANG_WARN_DOCUMENTATION_COMMENTS = YES;
				CLANG_WARN_EMPTY_BODY = YES;
				CLANG_WARN_ENUM_CONVERSION = YES;
				CLANG_WARN_INFINITE_RECURSION = YES;
				CLANG_WARN_INT_CONVERSION = YES;
				CLANG_WARN_NON_LITERAL_NULL_CONVERSION = YES;
				CLANG_WARN_OBJC_IMPLICIT_RETAIN_SELF = YES;
				CLANG_WARN_OBJC_LITERAL_CONVERSION = YES;
				CLANG_WARN_OBJC_ROOT_CLASS = YES_ERROR;
				CLANG_WARN_QUOTED_INCLUDE_IN_FRAMEWORK_HEADER = YES;
				CLANG_WARN_RANGE_LOOP_ANALYSIS = YES;
				CLANG_WARN_STRICT_PROTOTYPES = YES;
				CLANG_WARN_SUSPICIOUS_MOVE = YES;
				CLANG_WARN_UNGUARDED_AVAILABILITY = YES_AGGRESSIVE;
				CLANG_WARN_UNREACHABLE_CODE = YES;
				CLANG_WARN__DUPLICATE_METHOD_MATCH = YES;
				COPY_PHASE_STRIP = NO;
				DEBUG_INFORMATION_FORMAT = dwarf;
				ENABLE_STRICT_OBJC_MSGSEND = YES;
				ENABLE_TESTABILITY = YES;
				GCC_C_LANGUAGE_STANDARD = gnu11;
				GCC_DYNAMIC_NO_PIC = NO;
				GCC_NO_COMMON_BLOCKS = YES;
				GCC_OPTIMIZATION_LEVEL = 0;
				GCC_PREPROCESSOR_DEFINITIONS = (
					"DEBUG=1",
					"$(inherited)",
				);
				GCC_WARN_64_TO_32_BIT_CONVERSION = YES;
				GCC_WARN_ABOUT_RETURN_TYPE = YES_ERROR;
				GCC_WARN_UNDECLARED_SELECTOR = YES;
				GCC_WARN_UNINITIALIZED_AUTOS = YES_AGGRESSIVE;
				GCC_WARN_UNUSED_FUNCTION = YES;
				GCC_WARN_UNUSED_VARIABLE = YES;
				IPHONEOS_DEPLOYMENT_TARGET = 14.0;
				MTL_ENABLE_DEBUG_INFO = INCLUDE_SOURCE;
				MTL_FAST_MATH = YES;
				ONLY_ACTIVE_ARCH = YES;
				SDKROOT = iphoneos;
				SWIFT_ACTIVE_COMPILATION_CONDITIONS = DEBUG;
				SWIFT_OPTIMIZATION_LEVEL = "-Onone";
			};
			name = Debug;
		};
		BC88EFCD250141DB009821D7 /* Release */ = {
			isa = XCBuildConfiguration;
			buildSettings = {
				ALWAYS_SEARCH_USER_PATHS = NO;
				CLANG_ANALYZER_LOCALIZABILITY_NONLOCALIZED = YES;
				CLANG_ANALYZER_NONNULL = YES;
				CLANG_ANALYZER_NUMBER_OBJECT_CONVERSION = YES_AGGRESSIVE;
				CLANG_CXX_LANGUAGE_STANDARD = "gnu++14";
				CLANG_CXX_LIBRARY = "libc++";
				CLANG_ENABLE_MODULES = YES;
				CLANG_ENABLE_OBJC_ARC = YES;
				CLANG_ENABLE_OBJC_WEAK = YES;
				CLANG_WARN_BLOCK_CAPTURE_AUTORELEASING = YES;
				CLANG_WARN_BOOL_CONVERSION = YES;
				CLANG_WARN_COMMA = YES;
				CLANG_WARN_CONSTANT_CONVERSION = YES;
				CLANG_WARN_DEPRECATED_OBJC_IMPLEMENTATIONS = YES;
				CLANG_WARN_DIRECT_OBJC_ISA_USAGE = YES_ERROR;
				CLANG_WARN_DOCUMENTATION_COMMENTS = YES;
				CLANG_WARN_EMPTY_BODY = YES;
				CLANG_WARN_ENUM_CONVERSION = YES;
				CLANG_WARN_INFINITE_RECURSION = YES;
				CLANG_WARN_INT_CONVERSION = YES;
				CLANG_WARN_NON_LITERAL_NULL_CONVERSION = YES;
				CLANG_WARN_OBJC_IMPLICIT_RETAIN_SELF = YES;
				CLANG_WARN_OBJC_LITERAL_CONVERSION = YES;
				CLANG_WARN_OBJC_ROOT_CLASS = YES_ERROR;
				CLANG_WARN_QUOTED_INCLUDE_IN_FRAMEWORK_HEADER = YES;
				CLANG_WARN_RANGE_LOOP_ANALYSIS = YES;
				CLANG_WARN_STRICT_PROTOTYPES = YES;
				CLANG_WARN_SUSPICIOUS_MOVE = YES;
				CLANG_WARN_UNGUARDED_AVAILABILITY = YES_AGGRESSIVE;
				CLANG_WARN_UNREACHABLE_CODE = YES;
				CLANG_WARN__DUPLICATE_METHOD_MATCH = YES;
				COPY_PHASE_STRIP = NO;
				DEBUG_INFORMATION_FORMAT = "dwarf-with-dsym";
				ENABLE_NS_ASSERTIONS = NO;
				ENABLE_STRICT_OBJC_MSGSEND = YES;
				GCC_C_LANGUAGE_STANDARD = gnu11;
				GCC_NO_COMMON_BLOCKS = YES;
				GCC_WARN_64_TO_32_BIT_CONVERSION = YES;
				GCC_WARN_ABOUT_RETURN_TYPE = YES_ERROR;
				GCC_WARN_UNDECLARED_SELECTOR = YES;
				GCC_WARN_UNINITIALIZED_AUTOS = YES_AGGRESSIVE;
				GCC_WARN_UNUSED_FUNCTION = YES;
				GCC_WARN_UNUSED_VARIABLE = YES;
				IPHONEOS_DEPLOYMENT_TARGET = 14.0;
				MTL_ENABLE_DEBUG_INFO = NO;
				MTL_FAST_MATH = YES;
				SDKROOT = iphoneos;
				SWIFT_COMPILATION_MODE = wholemodule;
				SWIFT_OPTIMIZATION_LEVEL = "-O";
				VALIDATE_PRODUCT = YES;
			};
			name = Release;
		};
		BC88EFCF250141DB009821D7 /* Debug */ = {
			isa = XCBuildConfiguration;
			buildSettings = {
				ASSETCATALOG_COMPILER_APPICON_NAME = AppIcon;
				CODE_SIGN_STYLE = Automatic;
				DEVELOPMENT_ASSET_PATHS = "\"MakeDumbSmart/Preview Content\"";
				DEVELOPMENT_TEAM = FC5W64W574;
				ENABLE_PREVIEWS = YES;
				INFOPLIST_FILE = MakeDumbSmart/Info.plist;
				LD_RUNPATH_SEARCH_PATHS = (
					"$(inherited)",
					"@executable_path/Frameworks",
				);
				PRODUCT_BUNDLE_IDENTIFIER = mba.MakeDumbSmart;
				PRODUCT_NAME = "$(TARGET_NAME)";
				SWIFT_VERSION = 5.0;
				TARGETED_DEVICE_FAMILY = "1,2";
			};
			name = Debug;
		};
		BC88EFD0250141DB009821D7 /* Release */ = {
			isa = XCBuildConfiguration;
			buildSettings = {
				ASSETCATALOG_COMPILER_APPICON_NAME = AppIcon;
				CODE_SIGN_STYLE = Automatic;
				DEVELOPMENT_ASSET_PATHS = "\"MakeDumbSmart/Preview Content\"";
				DEVELOPMENT_TEAM = FC5W64W574;
				ENABLE_PREVIEWS = YES;
				INFOPLIST_FILE = MakeDumbSmart/Info.plist;
				LD_RUNPATH_SEARCH_PATHS = (
					"$(inherited)",
					"@executable_path/Frameworks",
				);
				PRODUCT_BUNDLE_IDENTIFIER = mba.MakeDumbSmart;
				PRODUCT_NAME = "$(TARGET_NAME)";
				SWIFT_VERSION = 5.0;
				TARGETED_DEVICE_FAMILY = "1,2";
			};
			name = Release;
		};
/* End XCBuildConfiguration section */

/* Begin XCConfigurationList section */
		BC4C766C262B01560092BFEB /* Build configuration list for PBXNativeTarget "MakeDumbSmartTests" */ = {
			isa = XCConfigurationList;
			buildConfigurations = (
				BC4C766D262B01560092BFEB /* Debug */,
				BC4C766E262B01560092BFEB /* Release */,
			);
			defaultConfigurationIsVisible = 0;
			defaultConfigurationName = Release;
		};
		BC88EFB5250141DA009821D7 /* Build configuration list for PBXProject "MakeDumbSmart" */ = {
			isa = XCConfigurationList;
			buildConfigurations = (
				BC88EFCC250141DB009821D7 /* Debug */,
				BC88EFCD250141DB009821D7 /* Release */,
			);
			defaultConfigurationIsVisible = 0;
			defaultConfigurationName = Release;
		};
		BC88EFCE250141DB009821D7 /* Build configuration list for PBXNativeTarget "MakeDumbSmart" */ = {
			isa = XCConfigurationList;
			buildConfigurations = (
				BC88EFCF250141DB009821D7 /* Debug */,
				BC88EFD0250141DB009821D7 /* Release */,
			);
			defaultConfigurationIsVisible = 0;
			defaultConfigurationName = Release;
		};
/* End XCConfigurationList section */
	};
	rootObject = BC88EFB2250141DA009821D7 /* Project object */;
}
