// !$*UTF8*$!
{
	archiveVersion = 1;
	classes = {
	};
	objectVersion = 51;
	objects = {

/* Begin PBXBuildFile section */
		BC0D27AF255EF1AC005F5E46 /* DeviceFunctionSwitchView.swift in Sources */ = {isa = PBXBuildFile; fileRef = BC0D27AE255EF1AC005F5E46 /* DeviceFunctionSwitchView.swift */; };
		BC0D27B625603BBF005F5E46 /* DeviceFunctionSliderView.swift in Sources */ = {isa = PBXBuildFile; fileRef = BC0D27B525603BBF005F5E46 /* DeviceFunctionSliderView.swift */; };
		BC0D27C0256137DF005F5E46 /* DeviceFunctionLevelView.swift in Sources */ = {isa = PBXBuildFile; fileRef = BC0D27BF256137DF005F5E46 /* DeviceFunctionLevelView.swift */; };
		BC88EFBE250141DA009821D7 /* AppDelegate.swift in Sources */ = {isa = PBXBuildFile; fileRef = BC88EFBD250141DA009821D7 /* AppDelegate.swift */; };
		BC88EFC0250141DA009821D7 /* SceneDelegate.swift in Sources */ = {isa = PBXBuildFile; fileRef = BC88EFBF250141DA009821D7 /* SceneDelegate.swift */; };
		BC88EFC2250141DA009821D7 /* ContentView.swift in Sources */ = {isa = PBXBuildFile; fileRef = BC88EFC1250141DA009821D7 /* ContentView.swift */; };
		BC88EFC4250141DB009821D7 /* Assets.xcassets in Resources */ = {isa = PBXBuildFile; fileRef = BC88EFC3250141DB009821D7 /* Assets.xcassets */; };
		BC88EFC7250141DB009821D7 /* Preview Assets.xcassets in Resources */ = {isa = PBXBuildFile; fileRef = BC88EFC6250141DB009821D7 /* Preview Assets.xcassets */; };
		BC88EFCA250141DB009821D7 /* LaunchScreen.storyboard in Resources */ = {isa = PBXBuildFile; fileRef = BC88EFC8250141DB009821D7 /* LaunchScreen.storyboard */; };
		BC88EFD325014356009821D7 /* DeviceViewModel.swift in Sources */ = {isa = PBXBuildFile; fileRef = BC88EFD225014356009821D7 /* DeviceViewModel.swift */; };
		BC88EFD72501437E009821D7 /* DeviceModel.swift in Sources */ = {isa = PBXBuildFile; fileRef = BC88EFD62501437E009821D7 /* DeviceModel.swift */; };
		BC88EFD9250149FC009821D7 /* DevicesView.swift in Sources */ = {isa = PBXBuildFile; fileRef = BC88EFD8250149FC009821D7 /* DevicesView.swift */; };
		BC88EFDB2501A04D009821D7 /* SceneView.swift in Sources */ = {isa = PBXBuildFile; fileRef = BC88EFDA2501A04D009821D7 /* SceneView.swift */; };
		BCBC75F6255ED48D00AB4A4D /* DeviceDetailView.swift in Sources */ = {isa = PBXBuildFile; fileRef = BCBC75F5255ED48D00AB4A4D /* DeviceDetailView.swift */; };
		BCE609BE2566EAD500B9405C /* DeviceSettingsView.swift in Sources */ = {isa = PBXBuildFile; fileRef = BCE609BD2566EAD500B9405C /* DeviceSettingsView.swift */; };
/* End PBXBuildFile section */

/* Begin PBXFileReference section */
		BC0D27AE255EF1AC005F5E46 /* DeviceFunctionSwitchView.swift */ = {isa = PBXFileReference; lastKnownFileType = sourcecode.swift; path = DeviceFunctionSwitchView.swift; sourceTree = "<group>"; };
		BC0D27B525603BBF005F5E46 /* DeviceFunctionSliderView.swift */ = {isa = PBXFileReference; lastKnownFileType = sourcecode.swift; path = DeviceFunctionSliderView.swift; sourceTree = "<group>"; };
		BC0D27BF256137DF005F5E46 /* DeviceFunctionLevelView.swift */ = {isa = PBXFileReference; lastKnownFileType = sourcecode.swift; path = DeviceFunctionLevelView.swift; sourceTree = "<group>"; };
		BC88EFBA250141DA009821D7 /* MakeDumbSmart.app */ = {isa = PBXFileReference; explicitFileType = wrapper.application; includeInIndex = 0; path = MakeDumbSmart.app; sourceTree = BUILT_PRODUCTS_DIR; };
		BC88EFBD250141DA009821D7 /* AppDelegate.swift */ = {isa = PBXFileReference; lastKnownFileType = sourcecode.swift; path = AppDelegate.swift; sourceTree = "<group>"; };
		BC88EFBF250141DA009821D7 /* SceneDelegate.swift */ = {isa = PBXFileReference; lastKnownFileType = sourcecode.swift; path = SceneDelegate.swift; sourceTree = "<group>"; };
		BC88EFC1250141DA009821D7 /* ContentView.swift */ = {isa = PBXFileReference; lastKnownFileType = sourcecode.swift; path = ContentView.swift; sourceTree = "<group>"; };
		BC88EFC3250141DB009821D7 /* Assets.xcassets */ = {isa = PBXFileReference; lastKnownFileType = folder.assetcatalog; path = Assets.xcassets; sourceTree = "<group>"; };
		BC88EFC6250141DB009821D7 /* Preview Assets.xcassets */ = {isa = PBXFileReference; lastKnownFileType = folder.assetcatalog; path = "Preview Assets.xcassets"; sourceTree = "<group>"; };
		BC88EFC9250141DB009821D7 /* Base */ = {isa = PBXFileReference; lastKnownFileType = file.storyboard; name = Base; path = Base.lproj/LaunchScreen.storyboard; sourceTree = "<group>"; };
		BC88EFCB250141DB009821D7 /* Info.plist */ = {isa = PBXFileReference; lastKnownFileType = text.plist.xml; path = Info.plist; sourceTree = "<group>"; };
		BC88EFD225014356009821D7 /* DeviceViewModel.swift */ = {isa = PBXFileReference; lastKnownFileType = sourcecode.swift; path = DeviceViewModel.swift; sourceTree = "<group>"; };
		BC88EFD62501437E009821D7 /* DeviceModel.swift */ = {isa = PBXFileReference; lastKnownFileType = sourcecode.swift; path = DeviceModel.swift; sourceTree = "<group>"; };
		BC88EFD8250149FC009821D7 /* DevicesView.swift */ = {isa = PBXFileReference; lastKnownFileType = sourcecode.swift; path = DevicesView.swift; sourceTree = "<group>"; };
		BC88EFDA2501A04D009821D7 /* SceneView.swift */ = {isa = PBXFileReference; lastKnownFileType = sourcecode.swift; path = SceneView.swift; sourceTree = "<group>"; };
		BCBC75F5255ED48D00AB4A4D /* DeviceDetailView.swift */ = {isa = PBXFileReference; lastKnownFileType = sourcecode.swift; path = DeviceDetailView.swift; sourceTree = "<group>"; };
		BCE609BD2566EAD500B9405C /* DeviceSettingsView.swift */ = {isa = PBXFileReference; lastKnownFileType = sourcecode.swift; path = DeviceSettingsView.swift; sourceTree = "<group>"; };
/* End PBXFileReference section */

/* Begin PBXFrameworksBuildPhase section */
		BC88EFB7250141DA009821D7 /* Frameworks */ = {
			isa = PBXFrameworksBuildPhase;
			buildActionMask = 2147483647;
			files = (
			);
			runOnlyForDeploymentPostprocessing = 0;
		};
/* End PBXFrameworksBuildPhase section */

/* Begin PBXGroup section */
		BC0D27BB2561361E005F5E46 /* Functions */ = {
			isa = PBXGroup;
			children = (
				BC0D27B525603BBF005F5E46 /* DeviceFunctionSliderView.swift */,
				BC0D27AE255EF1AC005F5E46 /* DeviceFunctionSwitchView.swift */,
				BC0D27BF256137DF005F5E46 /* DeviceFunctionLevelView.swift */,
			);
			name = Functions;
			sourceTree = "<group>";
		};
		BC88EFB1250141DA009821D7 = {
			isa = PBXGroup;
			children = (
				BC88EFD52501436C009821D7 /* Model */,
				BC88EFD425014360009821D7 /* ViewModel */,
				BC88EFD125014331009821D7 /* View */,
				BC88EFBC250141DA009821D7 /* MakeDumbSmart */,
				BC88EFBB250141DA009821D7 /* Products */,
			);
			sourceTree = "<group>";
		};
		BC88EFBB250141DA009821D7 /* Products */ = {
			isa = PBXGroup;
			children = (
				BC88EFBA250141DA009821D7 /* MakeDumbSmart.app */,
			);
			name = Products;
			sourceTree = "<group>";
		};
		BC88EFBC250141DA009821D7 /* MakeDumbSmart */ = {
			isa = PBXGroup;
			children = (
				BC88EFBD250141DA009821D7 /* AppDelegate.swift */,
				BC88EFBF250141DA009821D7 /* SceneDelegate.swift */,
				BC88EFC3250141DB009821D7 /* Assets.xcassets */,
				BC88EFC8250141DB009821D7 /* LaunchScreen.storyboard */,
				BC88EFCB250141DB009821D7 /* Info.plist */,
				BC88EFC5250141DB009821D7 /* Preview Content */,
			);
			path = MakeDumbSmart;
			sourceTree = "<group>";
		};
		BC88EFC5250141DB009821D7 /* Preview Content */ = {
			isa = PBXGroup;
			children = (
				BC88EFC6250141DB009821D7 /* Preview Assets.xcassets */,
			);
			path = "Preview Content";
			sourceTree = "<group>";
		};
		BC88EFD125014331009821D7 /* View */ = {
			isa = PBXGroup;
			children = (
				BC88EFC1250141DA009821D7 /* ContentView.swift */,
				BC0D27BB2561361E005F5E46 /* Functions */,
				BC88EFD8250149FC009821D7 /* DevicesView.swift */,
				BC88EFDA2501A04D009821D7 /* SceneView.swift */,
				BCBC75F5255ED48D00AB4A4D /* DeviceDetailView.swift */,
				BCE609BD2566EAD500B9405C /* DeviceSettingsView.swift */,
			);
			path = View;
			sourceTree = "<group>";
		};
		BC88EFD425014360009821D7 /* ViewModel */ = {
			isa = PBXGroup;
			children = (
				BC88EFD225014356009821D7 /* DeviceViewModel.swift */,
			);
			path = ViewModel;
			sourceTree = "<group>";
		};
		BC88EFD52501436C009821D7 /* Model */ = {
			isa = PBXGroup;
			children = (
				BC88EFD62501437E009821D7 /* DeviceModel.swift */,
			);
			path = Model;
			sourceTree = "<group>";
		};
/* End PBXGroup section */

/* Begin PBXNativeTarget section */
		BC88EFB9250141DA009821D7 /* MakeDumbSmart */ = {
			isa = PBXNativeTarget;
			buildConfigurationList = BC88EFCE250141DB009821D7 /* Build configuration list for PBXNativeTarget "MakeDumbSmart" */;
			buildPhases = (
				BC88EFB6250141DA009821D7 /* Sources */,
				BC88EFB7250141DA009821D7 /* Frameworks */,
				BC88EFB8250141DA009821D7 /* Resources */,
			);
			buildRules = (
			);
			dependencies = (
			);
			name = MakeDumbSmart;
			productName = MakeDumbSmart;
			productReference = BC88EFBA250141DA009821D7 /* MakeDumbSmart.app */;
			productType = "com.apple.product-type.application";
		};
/* End PBXNativeTarget section */

/* Begin PBXProject section */
		BC88EFB2250141DA009821D7 /* Project object */ = {
			isa = PBXProject;
			attributes = {
				LastSwiftUpdateCheck = 1160;
				LastUpgradeCheck = 1200;
				ORGANIZATIONNAME = "Martin Bachratý";
				TargetAttributes = {
					BC88EFB9250141DA009821D7 = {
						CreatedOnToolsVersion = 11.6;
					};
				};
			};
			buildConfigurationList = BC88EFB5250141DA009821D7 /* Build configuration list for PBXProject "MakeDumbSmart" */;
			compatibilityVersion = "Xcode 10.0";
			developmentRegion = en;
			hasScannedForEncodings = 0;
			knownRegions = (
				en,
				Base,
			);
			mainGroup = BC88EFB1250141DA009821D7;
			productRefGroup = BC88EFBB250141DA009821D7 /* Products */;
			projectDirPath = "";
			projectRoot = "";
			targets = (
				BC88EFB9250141DA009821D7 /* MakeDumbSmart */,
			);
		};
/* End PBXProject section */

/* Begin PBXResourcesBuildPhase section */
		BC88EFB8250141DA009821D7 /* Resources */ = {
			isa = PBXResourcesBuildPhase;
			buildActionMask = 2147483647;
			files = (
				BC88EFCA250141DB009821D7 /* LaunchScreen.storyboard in Resources */,
				BC88EFC7250141DB009821D7 /* Preview Assets.xcassets in Resources */,
				BC88EFC4250141DB009821D7 /* Assets.xcassets in Resources */,
			);
			runOnlyForDeploymentPostprocessing = 0;
		};
/* End PBXResourcesBuildPhase section */

/* Begin PBXSourcesBuildPhase section */
		BC88EFB6250141DA009821D7 /* Sources */ = {
			isa = PBXSourcesBuildPhase;
			buildActionMask = 2147483647;
			files = (
				BCBC75F6255ED48D00AB4A4D /* DeviceDetailView.swift in Sources */,
				BC88EFD325014356009821D7 /* DeviceViewModel.swift in Sources */,
				BC88EFBE250141DA009821D7 /* AppDelegate.swift in Sources */,
				BC88EFD9250149FC009821D7 /* DevicesView.swift in Sources */,
				BC88EFDB2501A04D009821D7 /* SceneView.swift in Sources */,
				BC0D27C0256137DF005F5E46 /* DeviceFunctionLevelView.swift in Sources */,
				BC0D27B625603BBF005F5E46 /* DeviceFunctionSliderView.swift in Sources */,
				BCE609BE2566EAD500B9405C /* DeviceSettingsView.swift in Sources */,
				BC88EFD72501437E009821D7 /* DeviceModel.swift in Sources */,
				BC88EFC0250141DA009821D7 /* SceneDelegate.swift in Sources */,
				BC0D27AF255EF1AC005F5E46 /* DeviceFunctionSwitchView.swift in Sources */,
				BC88EFC2250141DA009821D7 /* ContentView.swift in Sources */,
			);
			runOnlyForDeploymentPostprocessing = 0;
		};
/* End PBXSourcesBuildPhase section */

/* Begin PBXVariantGroup section */
		BC88EFC8250141DB009821D7 /* LaunchScreen.storyboard */ = {
			isa = PBXVariantGroup;
			children = (
				BC88EFC9250141DB009821D7 /* Base */,
			);
			name = LaunchScreen.storyboard;
			sourceTree = "<group>";
		};
/* End PBXVariantGroup section */

/* Begin XCBuildConfiguration section */
		BC88EFCC250141DB009821D7 /* Debug */ = {
			isa = XCBuildConfiguration;
			buildSettings = {
				ALWAYS_SEARCH_USER_PATHS = NO;
				CLANG_ANALYZER_NONNULL = YES;
				CLANG_ANALYZER_NUMBER_OBJECT_CONVERSION = YES_AGGRESSIVE;
				CLANG_CXX_LANGUAGE_STANDARD = "gnu++14";
				CLANG_CXX_LIBRARY = "libc++";
				CLANG_ENABLE_MODULES = YES;
				CLANG_ENABLE_OBJC_ARC = YES;
				CLANG_ENABLE_OBJC_WEAK = YES;
				CLANG_WARN_BLOCK_CAPTURE_AUTORELEASING = YES;
				CLANG_WARN_BOOL_CONVERSION = YES;
				CLANG_WARN_COMMA = YES;
				CLANG_WARN_CONSTANT_CONVERSION = YES;
				CLANG_WARN_DEPRECATED_OBJC_IMPLEMENTATIONS = YES;
				CLANG_WARN_DIRECT_OBJC_ISA_USAGE = YES_ERROR;
				CLANG_WARN_DOCUMENTATION_COMMENTS = YES;
				CLANG_WARN_EMPTY_BODY = YES;
				CLANG_WARN_ENUM_CONVERSION = YES;
				CLANG_WARN_INFINITE_RECURSION = YES;
				CLANG_WARN_INT_CONVERSION = YES;
				CLANG_WARN_NON_LITERAL_NULL_CONVERSION = YES;
				CLANG_WARN_OBJC_IMPLICIT_RETAIN_SELF = YES;
				CLANG_WARN_OBJC_LITERAL_CONVERSION = YES;
				CLANG_WARN_OBJC_ROOT_CLASS = YES_ERROR;
				CLANG_WARN_QUOTED_INCLUDE_IN_FRAMEWORK_HEADER = YES;
				CLANG_WARN_RANGE_LOOP_ANALYSIS = YES;
				CLANG_WARN_STRICT_PROTOTYPES = YES;
				CLANG_WARN_SUSPICIOUS_MOVE = YES;
				CLANG_WARN_UNGUARDED_AVAILABILITY = YES_AGGRESSIVE;
				CLANG_WARN_UNREACHABLE_CODE = YES;
				CLANG_WARN__DUPLICATE_METHOD_MATCH = YES;
				COPY_PHASE_STRIP = NO;
				DEBUG_INFORMATION_FORMAT = dwarf;
				ENABLE_STRICT_OBJC_MSGSEND = YES;
				ENABLE_TESTABILITY = YES;
				GCC_C_LANGUAGE_STANDARD = gnu11;
				GCC_DYNAMIC_NO_PIC = NO;
				GCC_NO_COMMON_BLOCKS = YES;
				GCC_OPTIMIZATION_LEVEL = 0;
				GCC_PREPROCESSOR_DEFINITIONS = (
					"DEBUG=1",
					"$(inherited)",
				);
				GCC_WARN_64_TO_32_BIT_CONVERSION = YES;
				GCC_WARN_ABOUT_RETURN_TYPE = YES_ERROR;
				GCC_WARN_UNDECLARED_SELECTOR = YES;
				GCC_WARN_UNINITIALIZED_AUTOS = YES_AGGRESSIVE;
				GCC_WARN_UNUSED_FUNCTION = YES;
				GCC_WARN_UNUSED_VARIABLE = YES;
				IPHONEOS_DEPLOYMENT_TARGET = 14.0;
				MTL_ENABLE_DEBUG_INFO = INCLUDE_SOURCE;
				MTL_FAST_MATH = YES;
				ONLY_ACTIVE_ARCH = YES;
				SDKROOT = iphoneos;
				SWIFT_ACTIVE_COMPILATION_CONDITIONS = DEBUG;
				SWIFT_OPTIMIZATION_LEVEL = "-Onone";
			};
			name = Debug;
		};
		BC88EFCD250141DB009821D7 /* Release */ = {
			isa = XCBuildConfiguration;
			buildSettings = {
				ALWAYS_SEARCH_USER_PATHS = NO;
				CLANG_ANALYZER_NONNULL = YES;
				CLANG_ANALYZER_NUMBER_OBJECT_CONVERSION = YES_AGGRESSIVE;
				CLANG_CXX_LANGUAGE_STANDARD = "gnu++14";
				CLANG_CXX_LIBRARY = "libc++";
				CLANG_ENABLE_MODULES = YES;
				CLANG_ENABLE_OBJC_ARC = YES;
				CLANG_ENABLE_OBJC_WEAK = YES;
				CLANG_WARN_BLOCK_CAPTURE_AUTORELEASING = YES;
				CLANG_WARN_BOOL_CONVERSION = YES;
				CLANG_WARN_COMMA = YES;
				CLANG_WARN_CONSTANT_CONVERSION = YES;
				CLANG_WARN_DEPRECATED_OBJC_IMPLEMENTATIONS = YES;
				CLANG_WARN_DIRECT_OBJC_ISA_USAGE = YES_ERROR;
				CLANG_WARN_DOCUMENTATION_COMMENTS = YES;
				CLANG_WARN_EMPTY_BODY = YES;
				CLANG_WARN_ENUM_CONVERSION = YES;
				CLANG_WARN_INFINITE_RECURSION = YES;
				CLANG_WARN_INT_CONVERSION = YES;
				CLANG_WARN_NON_LITERAL_NULL_CONVERSION = YES;
				CLANG_WARN_OBJC_IMPLICIT_RETAIN_SELF = YES;
				CLANG_WARN_OBJC_LITERAL_CONVERSION = YES;
				CLANG_WARN_OBJC_ROOT_CLASS = YES_ERROR;
				CLANG_WARN_QUOTED_INCLUDE_IN_FRAMEWORK_HEADER = YES;
				CLANG_WARN_RANGE_LOOP_ANALYSIS = YES;
				CLANG_WARN_STRICT_PROTOTYPES = YES;
				CLANG_WARN_SUSPICIOUS_MOVE = YES;
				CLANG_WARN_UNGUARDED_AVAILABILITY = YES_AGGRESSIVE;
				CLANG_WARN_UNREACHABLE_CODE = YES;
				CLANG_WARN__DUPLICATE_METHOD_MATCH = YES;
				COPY_PHASE_STRIP = NO;
				DEBUG_INFORMATION_FORMAT = "dwarf-with-dsym";
				ENABLE_NS_ASSERTIONS = NO;
				ENABLE_STRICT_OBJC_MSGSEND = YES;
				GCC_C_LANGUAGE_STANDARD = gnu11;
				GCC_NO_COMMON_BLOCKS = YES;
				GCC_WARN_64_TO_32_BIT_CONVERSION = YES;
				GCC_WARN_ABOUT_RETURN_TYPE = YES_ERROR;
				GCC_WARN_UNDECLARED_SELECTOR = YES;
				GCC_WARN_UNINITIALIZED_AUTOS = YES_AGGRESSIVE;
				GCC_WARN_UNUSED_FUNCTION = YES;
				GCC_WARN_UNUSED_VARIABLE = YES;
				IPHONEOS_DEPLOYMENT_TARGET = 14.0;
				MTL_ENABLE_DEBUG_INFO = NO;
				MTL_FAST_MATH = YES;
				SDKROOT = iphoneos;
				SWIFT_COMPILATION_MODE = wholemodule;
				SWIFT_OPTIMIZATION_LEVEL = "-O";
				VALIDATE_PRODUCT = YES;
			};
			name = Release;
		};
		BC88EFCF250141DB009821D7 /* Debug */ = {
			isa = XCBuildConfiguration;
			buildSettings = {
				ASSETCATALOG_COMPILER_APPICON_NAME = AppIcon;
				CODE_SIGN_STYLE = Automatic;
				DEVELOPMENT_ASSET_PATHS = "\"MakeDumbSmart/Preview Content\"";
				DEVELOPMENT_TEAM = FC5W64W574;
				ENABLE_PREVIEWS = YES;
				INFOPLIST_FILE = MakeDumbSmart/Info.plist;
				LD_RUNPATH_SEARCH_PATHS = (
					"$(inherited)",
					"@executable_path/Frameworks",
				);
				PRODUCT_BUNDLE_IDENTIFIER = mba.MakeDumbSmart;
				PRODUCT_NAME = "$(TARGET_NAME)";
				SWIFT_VERSION = 5.0;
				TARGETED_DEVICE_FAMILY = "1,2";
			};
			name = Debug;
		};
		BC88EFD0250141DB009821D7 /* Release */ = {
			isa = XCBuildConfiguration;
			buildSettings = {
				ASSETCATALOG_COMPILER_APPICON_NAME = AppIcon;
				CODE_SIGN_STYLE = Automatic;
				DEVELOPMENT_ASSET_PATHS = "\"MakeDumbSmart/Preview Content\"";
				DEVELOPMENT_TEAM = FC5W64W574;
				ENABLE_PREVIEWS = YES;
				INFOPLIST_FILE = MakeDumbSmart/Info.plist;
				LD_RUNPATH_SEARCH_PATHS = (
					"$(inherited)",
					"@executable_path/Frameworks",
				);
				PRODUCT_BUNDLE_IDENTIFIER = mba.MakeDumbSmart;
				PRODUCT_NAME = "$(TARGET_NAME)";
				SWIFT_VERSION = 5.0;
				TARGETED_DEVICE_FAMILY = "1,2";
			};
			name = Release;
		};
/* End XCBuildConfiguration section */

/* Begin XCConfigurationList section */
		BC88EFB5250141DA009821D7 /* Build configuration list for PBXProject "MakeDumbSmart" */ = {
			isa = XCConfigurationList;
			buildConfigurations = (
				BC88EFCC250141DB009821D7 /* Debug */,
				BC88EFCD250141DB009821D7 /* Release */,
			);
			defaultConfigurationIsVisible = 0;
			defaultConfigurationName = Release;
		};
		BC88EFCE250141DB009821D7 /* Build configuration list for PBXNativeTarget "MakeDumbSmart" */ = {
			isa = XCConfigurationList;
			buildConfigurations = (
				BC88EFCF250141DB009821D7 /* Debug */,
				BC88EFD0250141DB009821D7 /* Release */,
			);
			defaultConfigurationIsVisible = 0;
			defaultConfigurationName = Release;
		};
/* End XCConfigurationList section */
	};
	rootObject = BC88EFB2250141DA009821D7 /* Project object */;
}
